// !$*UTF8*$!
{
	archiveVersion = 1;
	classes = {
	};
	objectVersion = 46;
	objects = {

/* Begin PBXBuildFile section */
		907733181D001DE300B487B3 /* main.m in Sources */ = {isa = PBXBuildFile; fileRef = 907733171D001DE300B487B3 /* main.m */; };
		9077331B1D001DE300B487B3 /* AppDelegate.m in Sources */ = {isa = PBXBuildFile; fileRef = 9077331A1D001DE300B487B3 /* AppDelegate.m */; };
		9077331E1D001DE300B487B3 /* ViewController.m in Sources */ = {isa = PBXBuildFile; fileRef = 9077331D1D001DE300B487B3 /* ViewController.m */; };
		907733211D001DE300B487B3 /* Main.storyboard in Resources */ = {isa = PBXBuildFile; fileRef = 9077331F1D001DE300B487B3 /* Main.storyboard */; };
		907733231D001DE300B487B3 /* Assets.xcassets in Resources */ = {isa = PBXBuildFile; fileRef = 907733221D001DE300B487B3 /* Assets.xcassets */; };
		907733261D001DE300B487B3 /* LaunchScreen.storyboard in Resources */ = {isa = PBXBuildFile; fileRef = 907733241D001DE300B487B3 /* LaunchScreen.storyboard */; };
		907733311D001DE300B487B3 /* CirleProgressViewDemoTests.m in Sources */ = {isa = PBXBuildFile; fileRef = 907733301D001DE300B487B3 /* CirleProgressViewDemoTests.m */; };
		9077333C1D001DE300B487B3 /* CirleProgressViewDemoUITests.m in Sources */ = {isa = PBXBuildFile; fileRef = 9077333B1D001DE300B487B3 /* CirleProgressViewDemoUITests.m */; };
/* End PBXBuildFile section */

/* Begin PBXContainerItemProxy section */
		9077332D1D001DE300B487B3 /* PBXContainerItemProxy */ = {
			isa = PBXContainerItemProxy;
			containerPortal = 9077330B1D001DE300B487B3 /* Project object */;
			proxyType = 1;
			remoteGlobalIDString = 907733121D001DE300B487B3;
			remoteInfo = CirleProgressViewDemo;
		};
		907733381D001DE300B487B3 /* PBXContainerItemProxy */ = {
			isa = PBXContainerItemProxy;
			containerPortal = 9077330B1D001DE300B487B3 /* Project object */;
			proxyType = 1;
			remoteGlobalIDString = 907733121D001DE300B487B3;
			remoteInfo = CirleProgressViewDemo;
		};
/* End PBXContainerItemProxy section */

/* Begin PBXFileReference section */
		907733131D001DE300B487B3 /* CirleProgressViewDemo.app */ = {isa = PBXFileReference; explicitFileType = wrapper.application; includeInIndex = 0; path = CirleProgressViewDemo.app; sourceTree = BUILT_PRODUCTS_DIR; };
		907733171D001DE300B487B3 /* main.m */ = {isa = PBXFileReference; lastKnownFileType = sourcecode.c.objc; path = main.m; sourceTree = "<group>"; };
		907733191D001DE300B487B3 /* AppDelegate.h */ = {isa = PBXFileReference; lastKnownFileType = sourcecode.c.h; path = AppDelegate.h; sourceTree = "<group>"; };
		9077331A1D001DE300B487B3 /* AppDelegate.m */ = {isa = PBXFileReference; lastKnownFileType = sourcecode.c.objc; path = AppDelegate.m; sourceTree = "<group>"; };
		9077331C1D001DE300B487B3 /* ViewController.h */ = {isa = PBXFileReference; lastKnownFileType = sourcecode.c.h; path = ViewController.h; sourceTree = "<group>"; };
		9077331D1D001DE300B487B3 /* ViewController.m */ = {isa = PBXFileReference; lastKnownFileType = sourcecode.c.objc; path = ViewController.m; sourceTree = "<group>"; };
		907733201D001DE300B487B3 /* Base */ = {isa = PBXFileReference; lastKnownFileType = file.storyboard; name = Base; path = Base.lproj/Main.storyboard; sourceTree = "<group>"; };
		907733221D001DE300B487B3 /* Assets.xcassets */ = {isa = PBXFileReference; lastKnownFileType = folder.assetcatalog; path = Assets.xcassets; sourceTree = "<group>"; };
		907733251D001DE300B487B3 /* Base */ = {isa = PBXFileReference; lastKnownFileType = file.storyboard; name = Base; path = Base.lproj/LaunchScreen.storyboard; sourceTree = "<group>"; };
		907733271D001DE300B487B3 /* Info.plist */ = {isa = PBXFileReference; lastKnownFileType = text.plist.xml; path = Info.plist; sourceTree = "<group>"; };
		9077332C1D001DE300B487B3 /* CirleProgressViewDemoTests.xctest */ = {isa = PBXFileReference; explicitFileType = wrapper.cfbundle; includeInIndex = 0; path = CirleProgressViewDemoTests.xctest; sourceTree = BUILT_PRODUCTS_DIR; };
		907733301D001DE300B487B3 /* CirleProgressViewDemoTests.m */ = {isa = PBXFileReference; lastKnownFileType = sourcecode.c.objc; path = CirleProgressViewDemoTests.m; sourceTree = "<group>"; };
		907733321D001DE300B487B3 /* Info.plist */ = {isa = PBXFileReference; lastKnownFileType = text.plist.xml; path = Info.plist; sourceTree = "<group>"; };
		907733371D001DE300B487B3 /* CirleProgressViewDemoUITests.xctest */ = {isa = PBXFileReference; explicitFileType = wrapper.cfbundle; includeInIndex = 0; path = CirleProgressViewDemoUITests.xctest; sourceTree = BUILT_PRODUCTS_DIR; };
		9077333B1D001DE300B487B3 /* CirleProgressViewDemoUITests.m */ = {isa = PBXFileReference; lastKnownFileType = sourcecode.c.objc; path = CirleProgressViewDemoUITests.m; sourceTree = "<group>"; };
		9077333D1D001DE300B487B3 /* Info.plist */ = {isa = PBXFileReference; lastKnownFileType = text.plist.xml; path = Info.plist; sourceTree = "<group>"; };
/* End PBXFileReference section */

/* Begin PBXFrameworksBuildPhase section */
		907733101D001DE300B487B3 /* Frameworks */ = {
			isa = PBXFrameworksBuildPhase;
			buildActionMask = 2147483647;
			files = (
			);
			runOnlyForDeploymentPostprocessing = 0;
		};
		907733291D001DE300B487B3 /* Frameworks */ = {
			isa = PBXFrameworksBuildPhase;
			buildActionMask = 2147483647;
			files = (
			);
			runOnlyForDeploymentPostprocessing = 0;
		};
		907733341D001DE300B487B3 /* Frameworks */ = {
			isa = PBXFrameworksBuildPhase;
			buildActionMask = 2147483647;
			files = (
			);
			runOnlyForDeploymentPostprocessing = 0;
		};
/* End PBXFrameworksBuildPhase section */

/* Begin PBXGroup section */
		9077330A1D001DE300B487B3 = {
			isa = PBXGroup;
			children = (
				907733151D001DE300B487B3 /* CirleProgressViewDemo */,
				9077332F1D001DE300B487B3 /* CirleProgressViewDemoTests */,
				9077333A1D001DE300B487B3 /* CirleProgressViewDemoUITests */,
				907733141D001DE300B487B3 /* Products */,
			);
			sourceTree = "<group>";
		};
		907733141D001DE300B487B3 /* Products */ = {
			isa = PBXGroup;
			children = (
				907733131D001DE300B487B3 /* CirleProgressViewDemo.app */,
				9077332C1D001DE300B487B3 /* CirleProgressViewDemoTests.xctest */,
				907733371D001DE300B487B3 /* CirleProgressViewDemoUITests.xctest */,
			);
			name = Products;
			sourceTree = "<group>";
		};
		907733151D001DE300B487B3 /* CirleProgressViewDemo */ = {
			isa = PBXGroup;
			children = (
				907733191D001DE300B487B3 /* AppDelegate.h */,
				9077331A1D001DE300B487B3 /* AppDelegate.m */,
				9077331C1D001DE300B487B3 /* ViewController.h */,
				9077331D1D001DE300B487B3 /* ViewController.m */,
				9077331F1D001DE300B487B3 /* Main.storyboard */,
				907733221D001DE300B487B3 /* Assets.xcassets */,
				907733241D001DE300B487B3 /* LaunchScreen.storyboard */,
				907733271D001DE300B487B3 /* Info.plist */,
				907733161D001DE300B487B3 /* Supporting Files */,
			);
			path = CirleProgressViewDemo;
			sourceTree = "<group>";
		};
		907733161D001DE300B487B3 /* Supporting Files */ = {
			isa = PBXGroup;
			children = (
				907733171D001DE300B487B3 /* main.m */,
			);
			name = "Supporting Files";
			sourceTree = "<group>";
		};
		9077332F1D001DE300B487B3 /* CirleProgressViewDemoTests */ = {
			isa = PBXGroup;
			children = (
				907733301D001DE300B487B3 /* CirleProgressViewDemoTests.m */,
				907733321D001DE300B487B3 /* Info.plist */,
			);
			path = CirleProgressViewDemoTests;
			sourceTree = "<group>";
		};
		9077333A1D001DE300B487B3 /* CirleProgressViewDemoUITests */ = {
			isa = PBXGroup;
			children = (
				9077333B1D001DE300B487B3 /* CirleProgressViewDemoUITests.m */,
				9077333D1D001DE300B487B3 /* Info.plist */,
			);
			path = CirleProgressViewDemoUITests;
			sourceTree = "<group>";
		};
/* End PBXGroup section */

/* Begin PBXNativeTarget section */
		907733121D001DE300B487B3 /* CirleProgressViewDemo */ = {
			isa = PBXNativeTarget;
			buildConfigurationList = 907733401D001DE300B487B3 /* Build configuration list for PBXNativeTarget "CirleProgressViewDemo" */;
			buildPhases = (
				9077330F1D001DE300B487B3 /* Sources */,
				907733101D001DE300B487B3 /* Frameworks */,
				907733111D001DE300B487B3 /* Resources */,
			);
			buildRules = (
			);
			dependencies = (
			);
			name = CirleProgressViewDemo;
			productName = CirleProgressViewDemo;
			productReference = 907733131D001DE300B487B3 /* CirleProgressViewDemo.app */;
			productType = "com.apple.product-type.application";
		};
		9077332B1D001DE300B487B3 /* CirleProgressViewDemoTests */ = {
			isa = PBXNativeTarget;
			buildConfigurationList = 907733431D001DE300B487B3 /* Build configuration list for PBXNativeTarget "CirleProgressViewDemoTests" */;
			buildPhases = (
				907733281D001DE300B487B3 /* Sources */,
				907733291D001DE300B487B3 /* Frameworks */,
				9077332A1D001DE300B487B3 /* Resources */,
			);
			buildRules = (
			);
			dependencies = (
				9077332E1D001DE300B487B3 /* PBXTargetDependency */,
			);
			name = CirleProgressViewDemoTests;
			productName = CirleProgressViewDemoTests;
			productReference = 9077332C1D001DE300B487B3 /* CirleProgressViewDemoTests.xctest */;
			productType = "com.apple.product-type.bundle.unit-test";
		};
		907733361D001DE300B487B3 /* CirleProgressViewDemoUITests */ = {
			isa = PBXNativeTarget;
			buildConfigurationList = 907733461D001DE300B487B3 /* Build configuration list for PBXNativeTarget "CirleProgressViewDemoUITests" */;
			buildPhases = (
				907733331D001DE300B487B3 /* Sources */,
				907733341D001DE300B487B3 /* Frameworks */,
				907733351D001DE300B487B3 /* Resources */,
			);
			buildRules = (
			);
			dependencies = (
				907733391D001DE300B487B3 /* PBXTargetDependency */,
			);
			name = CirleProgressViewDemoUITests;
			productName = CirleProgressViewDemoUITests;
			productReference = 907733371D001DE300B487B3 /* CirleProgressViewDemoUITests.xctest */;
			productType = "com.apple.product-type.bundle.ui-testing";
		};
/* End PBXNativeTarget section */

/* Begin PBXProject section */
		9077330B1D001DE300B487B3 /* Project object */ = {
			isa = PBXProject;
			attributes = {
				LastUpgradeCheck = 0730;
				ORGANIZATIONNAME = Rain;
				TargetAttributes = {
					907733121D001DE300B487B3 = {
						CreatedOnToolsVersion = 7.3;
					};
					9077332B1D001DE300B487B3 = {
						CreatedOnToolsVersion = 7.3;
						TestTargetID = 907733121D001DE300B487B3;
					};
					907733361D001DE300B487B3 = {
						CreatedOnToolsVersion = 7.3;
						TestTargetID = 907733121D001DE300B487B3;
					};
				};
			};
			buildConfigurationList = 9077330E1D001DE300B487B3 /* Build configuration list for PBXProject "CirleProgressViewDemo" */;
			compatibilityVersion = "Xcode 3.2";
			developmentRegion = English;
			hasScannedForEncodings = 0;
			knownRegions = (
				en,
				Base,
			);
			mainGroup = 9077330A1D001DE300B487B3;
			productRefGroup = 907733141D001DE300B487B3 /* Products */;
			projectDirPath = "";
			projectRoot = "";
			targets = (
				907733121D001DE300B487B3 /* CirleProgressViewDemo */,
				9077332B1D001DE300B487B3 /* CirleProgressViewDemoTests */,
				907733361D001DE300B487B3 /* CirleProgressViewDemoUITests */,
			);
		};
/* End PBXProject section */

/* Begin PBXResourcesBuildPhase section */
		907733111D001DE300B487B3 /* Resources */ = {
			isa = PBXResourcesBuildPhase;
			buildActionMask = 2147483647;
			files = (
				907733261D001DE300B487B3 /* LaunchScreen.storyboard in Resources */,
				907733231D001DE300B487B3 /* Assets.xcassets in Resources */,
				907733211D001DE300B487B3 /* Main.storyboard in Resources */,
			);
			runOnlyForDeploymentPostprocessing = 0;
		};
		9077332A1D001DE300B487B3 /* Resources */ = {
			isa = PBXResourcesBuildPhase;
			buildActionMask = 2147483647;
			files = (
			);
			runOnlyForDeploymentPostprocessing = 0;
		};
		907733351D001DE300B487B3 /* Resources */ = {
			isa = PBXResourcesBuildPhase;
			buildActionMask = 2147483647;
			files = (
			);
			runOnlyForDeploymentPostprocessing = 0;
		};
/* End PBXResourcesBuildPhase section */

/* Begin PBXSourcesBuildPhase section */
		9077330F1D001DE300B487B3 /* Sources */ = {
			isa = PBXSourcesBuildPhase;
			buildActionMask = 2147483647;
			files = (
				9077331E1D001DE300B487B3 /* ViewController.m in Sources */,
				9077331B1D001DE300B487B3 /* AppDelegate.m in Sources */,
				907733181D001DE300B487B3 /* main.m in Sources */,
			);
			runOnlyForDeploymentPostprocessing = 0;
		};
		907733281D001DE300B487B3 /* Sources */ = {
			isa = PBXSourcesBuildPhase;
			buildActionMask = 2147483647;
			files = (
				907733311D001DE300B487B3 /* CirleProgressViewDemoTests.m in Sources */,
			);
			runOnlyForDeploymentPostprocessing = 0;
		};
		907733331D001DE300B487B3 /* Sources */ = {
			isa = PBXSourcesBuildPhase;
			buildActionMask = 2147483647;
			files = (
				9077333C1D001DE300B487B3 /* CirleProgressViewDemoUITests.m in Sources */,
			);
			runOnlyForDeploymentPostprocessing = 0;
		};
/* End PBXSourcesBuildPhase section */

/* Begin PBXTargetDependency section */
		9077332E1D001DE300B487B3 /* PBXTargetDependency */ = {
			isa = PBXTargetDependency;
			target = 907733121D001DE300B487B3 /* CirleProgressViewDemo */;
			targetProxy = 9077332D1D001DE300B487B3 /* PBXContainerItemProxy */;
		};
		907733391D001DE300B487B3 /* PBXTargetDependency */ = {
			isa = PBXTargetDependency;
			target = 907733121D001DE300B487B3 /* CirleProgressViewDemo */;
			targetProxy = 907733381D001DE300B487B3 /* PBXContainerItemProxy */;
		};
/* End PBXTargetDependency section */

/* Begin PBXVariantGroup section */
		9077331F1D001DE300B487B3 /* Main.storyboard */ = {
			isa = PBXVariantGroup;
			children = (
				907733201D001DE300B487B3 /* Base */,
			);
			name = Main.storyboard;
			sourceTree = "<group>";
		};
		907733241D001DE300B487B3 /* LaunchScreen.storyboard */ = {
			isa = PBXVariantGroup;
			children = (
				907733251D001DE300B487B3 /* Base */,
			);
			name = LaunchScreen.storyboard;
			sourceTree = "<group>";
		};
/* End PBXVariantGroup section */

/* Begin XCBuildConfiguration section */
		9077333E1D001DE300B487B3 /* Debug */ = {
			isa = XCBuildConfiguration;
			buildSettings = {
				ALWAYS_SEARCH_USER_PATHS = NO;
				CLANG_ANALYZER_NONNULL = YES;
				CLANG_CXX_LANGUAGE_STANDARD = "gnu++0x";
				CLANG_CXX_LIBRARY = "libc++";
				CLANG_ENABLE_MODULES = YES;
				CLANG_ENABLE_OBJC_ARC = YES;
				CLANG_WARN_BOOL_CONVERSION = YES;
				CLANG_WARN_CONSTANT_CONVERSION = YES;
				CLANG_WARN_DIRECT_OBJC_ISA_USAGE = YES_ERROR;
				CLANG_WARN_EMPTY_BODY = YES;
				CLANG_WARN_ENUM_CONVERSION = YES;
				CLANG_WARN_INT_CONVERSION = YES;
				CLANG_WARN_OBJC_ROOT_CLASS = YES_ERROR;
				CLANG_WARN_UNREACHABLE_CODE = YES;
				CLANG_WARN__DUPLICATE_METHOD_MATCH = YES;
				"CODE_SIGN_IDENTITY[sdk=iphoneos*]" = "iPhone Developer";
				COPY_PHASE_STRIP = NO;
				DEBUG_INFORMATION_FORMAT = dwarf;
				ENABLE_STRICT_OBJC_MSGSEND = YES;
				ENABLE_TESTABILITY = YES;
				GCC_C_LANGUAGE_STANDARD = gnu99;
				GCC_DYNAMIC_NO_PIC = NO;
				GCC_NO_COMMON_BLOCKS = YES;
				GCC_OPTIMIZATION_LEVEL = 0;
				GCC_PREPROCESSOR_DEFINITIONS = (
					"DEBUG=1",
					"$(inherited)",
				);
				GCC_WARN_64_TO_32_BIT_CONVERSION = YES;
				GCC_WARN_ABOUT_RETURN_TYPE = YES_ERROR;
				GCC_WARN_UNDECLARED_SELECTOR = YES;
				GCC_WARN_UNINITIALIZED_AUTOS = YES_AGGRESSIVE;
				GCC_WARN_UNUSED_FUNCTION = YES;
				GCC_WARN_UNUSED_VARIABLE = YES;
				IPHONEOS_DEPLOYMENT_TARGET = 9.3;
				MTL_ENABLE_DEBUG_INFO = YES;
				ONLY_ACTIVE_ARCH = YES;
				SDKROOT = iphoneos;
				TARGETED_DEVICE_FAMILY = "1,2";
			};
			name = Debug;
		};
		9077333F1D001DE300B487B3 /* Release */ = {
			isa = XCBuildConfiguration;
			buildSettings = {
				ALWAYS_SEARCH_USER_PATHS = NO;
				CLANG_ANALYZER_NONNULL = YES;
				CLANG_CXX_LANGUAGE_STANDARD = "gnu++0x";
				CLANG_CXX_LIBRARY = "libc++";
				CLANG_ENABLE_MODULES = YES;
				CLANG_ENABLE_OBJC_ARC = YES;
				CLANG_WARN_BOOL_CONVERSION = YES;
				CLANG_WARN_CONSTANT_CONVERSION = YES;
				CLANG_WARN_DIRECT_OBJC_ISA_USAGE = YES_ERROR;
				CLANG_WARN_EMPTY_BODY = YES;
				CLANG_WARN_ENUM_CONVERSION = YES;
				CLANG_WARN_INT_CONVERSION = YES;
				CLANG_WARN_OBJC_ROOT_CLASS = YES_ERROR;
				CLANG_WARN_UNREACHABLE_CODE = YES;
				CLANG_WARN__DUPLICATE_METHOD_MATCH = YES;
				"CODE_SIGN_IDENTITY[sdk=iphoneos*]" = "iPhone Developer";
				COPY_PHASE_STRIP = NO;
				DEBUG_INFORMATION_FORMAT = "dwarf-with-dsym";
				ENABLE_NS_ASSERTIONS = NO;
				ENABLE_STRICT_OBJC_MSGSEND = YES;
				GCC_C_LANGUAGE_STANDARD = gnu99;
				GCC_NO_COMMON_BLOCKS = YES;
				GCC_WARN_64_TO_32_BIT_CONVERSION = YES;
				GCC_WARN_ABOUT_RETURN_TYPE = YES_ERROR;
				GCC_WARN_UNDECLARED_SELECTOR = YES;
				GCC_WARN_UNINITIALIZED_AUTOS = YES_AGGRESSIVE;
				GCC_WARN_UNUSED_FUNCTION = YES;
				GCC_WARN_UNUSED_VARIABLE = YES;
				IPHONEOS_DEPLOYMENT_TARGET = 9.3;
				MTL_ENABLE_DEBUG_INFO = NO;
				SDKROOT = iphoneos;
				TARGETED_DEVICE_FAMILY = "1,2";
				VALIDATE_PRODUCT = YES;
			};
			name = Release;
		};
		907733411D001DE300B487B3 /* Debug */ = {
			isa = XCBuildConfiguration;
			buildSettings = {
				ASSETCATALOG_COMPILER_APPICON_NAME = AppIcon;
				INFOPLIST_FILE = CirleProgressViewDemo/Info.plist;
				LD_RUNPATH_SEARCH_PATHS = "$(inherited) @executable_path/Frameworks";
				PRODUCT_BUNDLE_IDENTIFIER = Rain.CirleProgressViewDemo;
				PRODUCT_NAME = "$(TARGET_NAME)";
			};
			name = Debug;
		};
		907733421D001DE300B487B3 /* Release */ = {
			isa = XCBuildConfiguration;
			buildSettings = {
				ASSETCATALOG_COMPILER_APPICON_NAME = AppIcon;
				INFOPLIST_FILE = CirleProgressViewDemo/Info.plist;
				LD_RUNPATH_SEARCH_PATHS = "$(inherited) @executable_path/Frameworks";
				PRODUCT_BUNDLE_IDENTIFIER = Rain.CirleProgressViewDemo;
				PRODUCT_NAME = "$(TARGET_NAME)";
			};
			name = Release;
		};
		907733441D001DE300B487B3 /* Debug */ = {
			isa = XCBuildConfiguration;
			buildSettings = {
				BUNDLE_LOADER = "$(TEST_HOST)";
				INFOPLIST_FILE = CirleProgressViewDemoTests/Info.plist;
				LD_RUNPATH_SEARCH_PATHS = "$(inherited) @executable_path/Frameworks @loader_path/Frameworks";
				PRODUCT_BUNDLE_IDENTIFIER = Rain.CirleProgressViewDemoTests;
				PRODUCT_NAME = "$(TARGET_NAME)";
				TEST_HOST = "$(BUILT_PRODUCTS_DIR)/CirleProgressViewDemo.app/CirleProgressViewDemo";
			};
			name = Debug;
		};
		907733451D001DE300B487B3 /* Release */ = {
			isa = XCBuildConfiguration;
			buildSettings = {
				BUNDLE_LOADER = "$(TEST_HOST)";
				INFOPLIST_FILE = CirleProgressViewDemoTests/Info.plist;
				LD_RUNPATH_SEARCH_PATHS = "$(inherited) @executable_path/Frameworks @loader_path/Frameworks";
				PRODUCT_BUNDLE_IDENTIFIER = Rain.CirleProgressViewDemoTests;
				PRODUCT_NAME = "$(TARGET_NAME)";
				TEST_HOST = "$(BUILT_PRODUCTS_DIR)/CirleProgressViewDemo.app/CirleProgressViewDemo";
			};
			name = Release;
		};
		907733471D001DE300B487B3 /* Debug */ = {
			isa = XCBuildConfiguration;
			buildSettings = {
				INFOPLIST_FILE = CirleProgressViewDemoUITests/Info.plist;
				LD_RUNPATH_SEARCH_PATHS = "$(inherited) @executable_path/Frameworks @loader_path/Frameworks";
				PRODUCT_BUNDLE_IDENTIFIER = Rain.CirleProgressViewDemoUITests;
				PRODUCT_NAME = "$(TARGET_NAME)";
				TEST_TARGET_NAME = CirleProgressViewDemo;
			};
			name = Debug;
		};
		907733481D001DE300B487B3 /* Release */ = {
			isa = XCBuildConfiguration;
			buildSettings = {
				INFOPLIST_FILE = CirleProgressViewDemoUITests/Info.plist;
				LD_RUNPATH_SEARCH_PATHS = "$(inherited) @executable_path/Frameworks @loader_path/Frameworks";
				PRODUCT_BUNDLE_IDENTIFIER = Rain.CirleProgressViewDemoUITests;
				PRODUCT_NAME = "$(TARGET_NAME)";
				TEST_TARGET_NAME = CirleProgressViewDemo;
			};
			name = Release;
		};
/* End XCBuildConfiguration section */

/* Begin XCConfigurationList section */
		9077330E1D001DE300B487B3 /* Build configuration list for PBXProject "CirleProgressViewDemo" */ = {
			isa = XCConfigurationList;
			buildConfigurations = (
				9077333E1D001DE300B487B3 /* Debug */,
				9077333F1D001DE300B487B3 /* Release */,
			);
			defaultConfigurationIsVisible = 0;
			defaultConfigurationName = Release;
		};
		907733401D001DE300B487B3 /* Build configuration list for PBXNativeTarget "CirleProgressViewDemo" */ = {
			isa = XCConfigurationList;
			buildConfigurations = (
				907733411D001DE300B487B3 /* Debug */,
				907733421D001DE300B487B3 /* Release */,
			);
			defaultConfigurationIsVisible = 0;
		};
		907733431D001DE300B487B3 /* Build configuration list for PBXNativeTarget "CirleProgressViewDemoTests" */ = {
			isa = XCConfigurationList;
			buildConfigurations = (
				907733441D001DE300B487B3 /* Debug */,
				907733451D001DE300B487B3 /* Release */,
			);
			defaultConfigurationIsVisible = 0;
		};
		907733461D001DE300B487B3 /* Build configuration list for PBXNativeTarget "CirleProgressViewDemoUITests" */ = {
			isa = XCConfigurationList;
			buildConfigurations = (
				907733471D001DE300B487B3 /* Debug */,
				907733481D001DE300B487B3 /* Release */,
			);
			defaultConfigurationIsVisible = 0;
		};
/* End XCConfigurationList section */
	};
	rootObject = 9077330B1D001DE300B487B3 /* Project object */;
}
